
Microsoft Visual Studio Solution File, Format Version 12.00
# Visual Studio 2013
VisualStudioVersion = 12.0.21005.1
MinimumVisualStudioVersion = 10.0.40219.1
Project("{FAE04EC0-301F-11D3-BF4B-00C04F79EFBC}") = "osu-beatmap-manager", "osu-beatmap-manager\osu-beatmap-manager.csproj", "{A4421777-CE8F-4CE1-9C46-BE3D39B36640}"
EndProject
Global
	GlobalSection(SolutionConfigurationPlatforms) = preSolution
		Debug|Any CPU = Debug|Any CPU
		Release|Any CPU = Release|Any CPU
	EndGlobalSection
	GlobalSection(ProjectConfigurationPlatforms) = postSolution
		{A4421777-CE8F-4CE1-9C46-BE3D39B36640}.Debug|Any CPU.ActiveCfg = Debug|Any CPU
		{A4421777-CE8F-4CE1-9C46-BE3D39B36640}.Debug|Any CPU.Build.0 = Debug|Any CPU
		{A4421777-CE8F-4CE1-9C46-BE3D39B36640}.Release|Any CPU.ActiveCfg = Release|Any CPU
		{A4421777-CE8F-4CE1-9C46-BE3D39B36640}.Release|Any CPU.Build.0 = Release|Any CPU
	EndGlobalSection
	GlobalSection(SolutionProperties) = preSolution
		HideSolutionNode = FALSE
	EndGlobalSection
EndGlobal
